// !$*UTF8*$!
{
	archiveVersion = 1;
	classes = {
	};
	objectVersion = 56;
	objects = {

/* Begin PBXBuildFile section */
		3A22660EE01118B700FC8766 /* Pods_UBeer.framework in Frameworks */ = {isa = PBXBuildFile; fileRef = 35649073D38F1248F137788F /* Pods_UBeer.framework */; };
		BA1BBBDE29B2A0B800E8936C /* ForgotPasswordAuthorizationServiceProtocol.swift in Sources */ = {isa = PBXBuildFile; fileRef = BA1BBBDD29B2A0B800E8936C /* ForgotPasswordAuthorizationServiceProtocol.swift */; };
		BA1BBBE029B2A0FD00E8936C /* AuthorizationService+ForgotPassword.swift in Sources */ = {isa = PBXBuildFile; fileRef = BA1BBBDF29B2A0FD00E8936C /* AuthorizationService+ForgotPassword.swift */; };
		BA1BBBE229B2A14B00E8936C /* ForgotPasswordVMProtocol.swift in Sources */ = {isa = PBXBuildFile; fileRef = BA1BBBE129B2A14B00E8936C /* ForgotPasswordVMProtocol.swift */; };
		BA1BBBE429B2A23500E8936C /* ForgotPasswordCoordinatorProtocol.swift in Sources */ = {isa = PBXBuildFile; fileRef = BA1BBBE329B2A23500E8936C /* ForgotPasswordCoordinatorProtocol.swift */; };
		BA1BBBE629B2A55500E8936C /* ForgotPasswordRootCoordinatorProtocol.swift in Sources */ = {isa = PBXBuildFile; fileRef = BA1BBBE529B2A55500E8936C /* ForgotPasswordRootCoordinatorProtocol.swift */; };
		BA1BBBEA29B3C05C00E8936C /* RegularTextField.swift in Sources */ = {isa = PBXBuildFile; fileRef = BA1BBBE929B3C05C00E8936C /* RegularTextField.swift */; };
		BA1BBBEC29B3C9B600E8936C /* UILabel+Extension.swift in Sources */ = {isa = PBXBuildFile; fileRef = BA1BBBEB29B3C9B600E8936C /* UILabel+Extension.swift */; };
		BA1BBBEF29B7D71E00E8936C /* RegularButton.swift in Sources */ = {isa = PBXBuildFile; fileRef = BA1BBBEE29B7D71E00E8936C /* RegularButton.swift */; };
		BA1BBBF129B88F8800E8936C /* UIFont+Extension.swift in Sources */ = {isa = PBXBuildFile; fileRef = BA1BBBF029B88F8800E8936C /* UIFont+Extension.swift */; };
		BA1BBBF429B8DC4700E8936C /* AlertControllerFactory.swift in Sources */ = {isa = PBXBuildFile; fileRef = BA1BBBF329B8DC4700E8936C /* AlertControllerFactory.swift */; };
		BA1BBBF629B8DC5C00E8936C /* AlertControllerFactoryProtocol.swift in Sources */ = {isa = PBXBuildFile; fileRef = BA1BBBF529B8DC5C00E8936C /* AlertControllerFactoryProtocol.swift */; };
		BA1BBBFA29BE4BA000E8936C /* RegisterVMDelegate.swift in Sources */ = {isa = PBXBuildFile; fileRef = BA1BBBF929BE4BA000E8936C /* RegisterVMDelegate.swift */; };
		BA32834029D9DB610051C994 /* SettingsAdapter.swift in Sources */ = {isa = PBXBuildFile; fileRef = BA32833F29D9DB610051C994 /* SettingsAdapter.swift */; };
		BA32834229D9DBBF0051C994 /* SettingsAdapterProtocol.swift in Sources */ = {isa = PBXBuildFile; fileRef = BA32834129D9DBBF0051C994 /* SettingsAdapterProtocol.swift */; };
		BA32834429D9DDC30051C994 /* Sections.swift in Sources */ = {isa = PBXBuildFile; fileRef = BA32834329D9DDC30051C994 /* Sections.swift */; };
		BA32834729D9DF1F0051C994 /* SettingsTableViewCell.swift in Sources */ = {isa = PBXBuildFile; fileRef = BA32834629D9DF1F0051C994 /* SettingsTableViewCell.swift */; };
		BA32834929DA00940051C994 /* SettingsItem.swift in Sources */ = {isa = PBXBuildFile; fileRef = BA32834829DA00940051C994 /* SettingsItem.swift */; };
		BA641B5B29F2A63D003DA239 /* GoogleService-Info.plist in Resources */ = {isa = PBXBuildFile; fileRef = BA641B5A29F2A63D003DA239 /* GoogleService-Info.plist */; };
		BA6E05D629ADED9800549E60 /* AppCoordinator.swift in Sources */ = {isa = PBXBuildFile; fileRef = BA6E05D529ADED9800549E60 /* AppCoordinator.swift */; };
		BA6E05D929ADEE3300549E60 /* Coordinator.swift in Sources */ = {isa = PBXBuildFile; fileRef = BA6E05D829ADEE3300549E60 /* Coordinator.swift */; };
		BA6E05DB29ADF1EF00549E60 /* LoginVC.swift in Sources */ = {isa = PBXBuildFile; fileRef = BA6E05DA29ADF1EF00549E60 /* LoginVC.swift */; };
		BA6E05DD29ADF1F900549E60 /* LoginVM.swift in Sources */ = {isa = PBXBuildFile; fileRef = BA6E05DC29ADF1F900549E60 /* LoginVM.swift */; };
		BA6E05DF29ADF20200549E60 /* LoginCoordinator.swift in Sources */ = {isa = PBXBuildFile; fileRef = BA6E05DE29ADF20200549E60 /* LoginCoordinator.swift */; };
		BA6E05E129ADF20C00549E60 /* LoginAssembler.swift in Sources */ = {isa = PBXBuildFile; fileRef = BA6E05E029ADF20C00549E60 /* LoginAssembler.swift */; };
		BA6E05E429ADF62C00549E60 /* LoginRootCoordinatorProtocol.swift in Sources */ = {isa = PBXBuildFile; fileRef = BA6E05E329ADF62C00549E60 /* LoginRootCoordinatorProtocol.swift */; };
		BA6E05E829AE196400549E60 /* LoginVMProtocol.swift in Sources */ = {isa = PBXBuildFile; fileRef = BA6E05E729AE196400549E60 /* LoginVMProtocol.swift */; };
		BA6E05EA29AE1CB000549E60 /* AuthorizationService.swift in Sources */ = {isa = PBXBuildFile; fileRef = BA6E05E929AE1CB000549E60 /* AuthorizationService.swift */; };
		BA6E05EC29AE1D5600549E60 /* LoginAuthorizationProtocol.swift in Sources */ = {isa = PBXBuildFile; fileRef = BA6E05EB29AE1D5600549E60 /* LoginAuthorizationProtocol.swift */; };
		BA6E05EE29AE1E2F00549E60 /* LoginCoordinatorProtocol.swift in Sources */ = {isa = PBXBuildFile; fileRef = BA6E05ED29AE1E2F00549E60 /* LoginCoordinatorProtocol.swift */; };
		BA6E05F029AE279700549E60 /* AuthorizationService+Login.swift in Sources */ = {isa = PBXBuildFile; fileRef = BA6E05EF29AE279700549E60 /* AuthorizationService+Login.swift */; };
		BA6E05F329AF3BC000549E60 /* UIColor+Extension.swift in Sources */ = {isa = PBXBuildFile; fileRef = BA6E05F229AF3BC000549E60 /* UIColor+Extension.swift */; };
		BA6E05FF29AFD8AD00549E60 /* RegisterVC.swift in Sources */ = {isa = PBXBuildFile; fileRef = BA6E05FE29AFD8AD00549E60 /* RegisterVC.swift */; };
		BA6E060129AFD8BC00549E60 /* RegisterVM.swift in Sources */ = {isa = PBXBuildFile; fileRef = BA6E060029AFD8BC00549E60 /* RegisterVM.swift */; };
		BA6E060329AFD8C700549E60 /* RegisterCoordinator.swift in Sources */ = {isa = PBXBuildFile; fileRef = BA6E060229AFD8C700549E60 /* RegisterCoordinator.swift */; };
		BA6E060529AFD92600549E60 /* RegisterAssembler.swift in Sources */ = {isa = PBXBuildFile; fileRef = BA6E060429AFD92600549E60 /* RegisterAssembler.swift */; };
		BA6E060729AFDAC600549E60 /* RegisterVMProtocol.swift in Sources */ = {isa = PBXBuildFile; fileRef = BA6E060629AFDAC600549E60 /* RegisterVMProtocol.swift */; };
		BA6E060D29AFE1C900549E60 /* AuthorizationService+Register.swift in Sources */ = {isa = PBXBuildFile; fileRef = BA6E060C29AFE1C900549E60 /* AuthorizationService+Register.swift */; };
		BA6E061029AFE1F400549E60 /* RegisterAuthorizationServiceProtocol.swift in Sources */ = {isa = PBXBuildFile; fileRef = BA6E060F29AFE1F400549E60 /* RegisterAuthorizationServiceProtocol.swift */; };
		BA6E061229AFE35F00549E60 /* RegisterCoordinatorProtocol.swift in Sources */ = {isa = PBXBuildFile; fileRef = BA6E061129AFE35F00549E60 /* RegisterCoordinatorProtocol.swift */; };
		BA6E061429AFE38200549E60 /* RegisterRootCoordinatorProtocol.swift in Sources */ = {isa = PBXBuildFile; fileRef = BA6E061329AFE38200549E60 /* RegisterRootCoordinatorProtocol.swift */; };
		BA88241029CDC36F00E2EDBD /* ProfileVMProtocol.swift in Sources */ = {isa = PBXBuildFile; fileRef = BA88240F29CDC36F00E2EDBD /* ProfileVMProtocol.swift */; };
		BA88241229CDC3C700E2EDBD /* ProfileCoordinatorProtocol.swift in Sources */ = {isa = PBXBuildFile; fileRef = BA88241129CDC3C700E2EDBD /* ProfileCoordinatorProtocol.swift */; };
		BA88241629D0291800E2EDBD /* OnboardingVMDelegate.swift in Sources */ = {isa = PBXBuildFile; fileRef = BA88241529D0291800E2EDBD /* OnboardingVMDelegate.swift */; };
		BA88241829D0299700E2EDBD /* OnboardingAdapterPageDelegate.swift in Sources */ = {isa = PBXBuildFile; fileRef = BA88241729D0299700E2EDBD /* OnboardingAdapterPageDelegate.swift */; };
		BA89B80129CDBF9700CD7C76 /* ProfileRootCoordinatorProtocol.swift in Sources */ = {isa = PBXBuildFile; fileRef = BA89B80029CDBF9700CD7C76 /* ProfileRootCoordinatorProtocol.swift */; };
		BA8F4BDC29ABF66C00C68B78 /* AppDelegate.swift in Sources */ = {isa = PBXBuildFile; fileRef = BA8F4BDB29ABF66C00C68B78 /* AppDelegate.swift */; };
		BA8F4BDE29ABF66C00C68B78 /* SceneDelegate.swift in Sources */ = {isa = PBXBuildFile; fileRef = BA8F4BDD29ABF66C00C68B78 /* SceneDelegate.swift */; };
		BA8F4BE529ABF67300C68B78 /* Assets.xcassets in Resources */ = {isa = PBXBuildFile; fileRef = BA8F4BE429ABF67300C68B78 /* Assets.xcassets */; };
		BA8F4BE829ABF67300C68B78 /* LaunchScreen.storyboard in Resources */ = {isa = PBXBuildFile; fileRef = BA8F4BE629ABF67300C68B78 /* LaunchScreen.storyboard */; };
		BA94BDF929C25BB40001A07B /* ForgotPasswordVMDelegate.swift in Sources */ = {isa = PBXBuildFile; fileRef = BA94BDF829C25BB40001A07B /* ForgotPasswordVMDelegate.swift */; };
		BA94BDFF29C380690001A07B /* UIButton+Extension.swift in Sources */ = {isa = PBXBuildFile; fileRef = BA94BDFE29C380690001A07B /* UIButton+Extension.swift */; };
		BA9DE7E429C5F3D0001A266B /* OnboardingPageVC.swift in Sources */ = {isa = PBXBuildFile; fileRef = BA9DE7E329C5F3D0001A266B /* OnboardingPageVC.swift */; };
		BA9DE7E629C5F3D8001A266B /* OnboardingVM.swift in Sources */ = {isa = PBXBuildFile; fileRef = BA9DE7E529C5F3D8001A266B /* OnboardingVM.swift */; };
		BA9DE7E829C5F3E2001A266B /* OnboardingCoordinator.swift in Sources */ = {isa = PBXBuildFile; fileRef = BA9DE7E729C5F3E2001A266B /* OnboardingCoordinator.swift */; };
		BA9DE7EA29C5F3F2001A266B /* OnboardingAssembler.swift in Sources */ = {isa = PBXBuildFile; fileRef = BA9DE7E929C5F3F2001A266B /* OnboardingAssembler.swift */; };
		BA9DE7ED29C5F476001A266B /* OnboardingCoordinatorProtocol.swift in Sources */ = {isa = PBXBuildFile; fileRef = BA9DE7EC29C5F476001A266B /* OnboardingCoordinatorProtocol.swift */; };
		BA9DE7F129C5F4CD001A266B /* OnboardingVMProtocol.swift in Sources */ = {isa = PBXBuildFile; fileRef = BA9DE7F029C5F4CD001A266B /* OnboardingVMProtocol.swift */; };
		BA9DE7F329C5F4F9001A266B /* OnboardingRootCoordinatorProtocol.swift in Sources */ = {isa = PBXBuildFile; fileRef = BA9DE7F229C5F4F9001A266B /* OnboardingRootCoordinatorProtocol.swift */; };
		BA9DE7F529C832BA001A266B /* OnboardingPageList.swift in Sources */ = {isa = PBXBuildFile; fileRef = BA9DE7F429C832BA001A266B /* OnboardingPageList.swift */; };
		BA9DE7F829C872D8001A266B /* OnboardingAdapter.swift in Sources */ = {isa = PBXBuildFile; fileRef = BA9DE7F729C872D8001A266B /* OnboardingAdapter.swift */; };
		BA9DE7FB29C8731B001A266B /* OnboardingAdapterProtocol.swift in Sources */ = {isa = PBXBuildFile; fileRef = BA9DE7FA29C8731B001A266B /* OnboardingAdapterProtocol.swift */; };
		BA9DE80029CCE96C001A266B /* ProfileVC.swift in Sources */ = {isa = PBXBuildFile; fileRef = BA9DE7FF29CCE96B001A266B /* ProfileVC.swift */; };
		BA9DE80229CCE982001A266B /* ProfileCoordinator.swift in Sources */ = {isa = PBXBuildFile; fileRef = BA9DE80129CCE982001A266B /* ProfileCoordinator.swift */; };
		BA9DE80429CCE994001A266B /* ProfileVM.swift in Sources */ = {isa = PBXBuildFile; fileRef = BA9DE80329CCE994001A266B /* ProfileVM.swift */; };
		BA9DE80629CCE9A7001A266B /* ProfileAssembler.swift in Sources */ = {isa = PBXBuildFile; fileRef = BA9DE80529CCE9A7001A266B /* ProfileAssembler.swift */; };
		BAA795BA29B297FC007BCD03 /* ForgotPasswordVC.swift in Sources */ = {isa = PBXBuildFile; fileRef = BAA795B929B297FC007BCD03 /* ForgotPasswordVC.swift */; };
		BAA795BC29B29802007BCD03 /* ForgotPasswordVM.swift in Sources */ = {isa = PBXBuildFile; fileRef = BAA795BB29B29802007BCD03 /* ForgotPasswordVM.swift */; };
		BAA795BE29B2980B007BCD03 /* ForgotPasswordCoordinator.swift in Sources */ = {isa = PBXBuildFile; fileRef = BAA795BD29B2980B007BCD03 /* ForgotPasswordCoordinator.swift */; };
		BAA795C029B29812007BCD03 /* ForgotPasswordAssembler.swift in Sources */ = {isa = PBXBuildFile; fileRef = BAA795BF29B29812007BCD03 /* ForgotPasswordAssembler.swift */; };
		BAADCD6229D4538E003B8821 /* LoginVMDelegate.swift in Sources */ = {isa = PBXBuildFile; fileRef = BAADCD6129D4538E003B8821 /* LoginVMDelegate.swift */; };
		BAADCD6429D630DE003B8821 /* Pages.swift in Sources */ = {isa = PBXBuildFile; fileRef = BAADCD6329D630DE003B8821 /* Pages.swift */; };
		BAADCD6829D6E6AA003B8821 /* TabBarCoordinator.swift in Sources */ = {isa = PBXBuildFile; fileRef = BAADCD6729D6E6AA003B8821 /* TabBarCoordinator.swift */; };
		BAADCD6A29D6E765003B8821 /* TabBarAssembler.swift in Sources */ = {isa = PBXBuildFile; fileRef = BAADCD6929D6E765003B8821 /* TabBarAssembler.swift */; };
		BAADCD6C29D6E818003B8821 /* TabBarCoordinatorProtocol.swift in Sources */ = {isa = PBXBuildFile; fileRef = BAADCD6B29D6E818003B8821 /* TabBarCoordinatorProtocol.swift */; };
		BAADCD6E29D6E9D9003B8821 /* TabBarController.swift in Sources */ = {isa = PBXBuildFile; fileRef = BAADCD6D29D6E9D9003B8821 /* TabBarController.swift */; };
		BAADCD7029D6EAEB003B8821 /* TabBarRootCoordinatorProtocol.swift in Sources */ = {isa = PBXBuildFile; fileRef = BAADCD6F29D6EAEB003B8821 /* TabBarRootCoordinatorProtocol.swift */; };
		BAADCD7429D6F975003B8821 /* MapVC.swift in Sources */ = {isa = PBXBuildFile; fileRef = BAADCD7329D6F975003B8821 /* MapVC.swift */; };
		BAADCD7629D6F97F003B8821 /* MapCoordinator.swift in Sources */ = {isa = PBXBuildFile; fileRef = BAADCD7529D6F97F003B8821 /* MapCoordinator.swift */; };
		BAADCD7829D6F98C003B8821 /* MapAssembler.swift in Sources */ = {isa = PBXBuildFile; fileRef = BAADCD7729D6F98C003B8821 /* MapAssembler.swift */; };
		BAADCD7A29D6F996003B8821 /* MapVM.swift in Sources */ = {isa = PBXBuildFile; fileRef = BAADCD7929D6F996003B8821 /* MapVM.swift */; };
		BAADCD7D29D6F9FC003B8821 /* MapRootCoordinatorProtocol.swift in Sources */ = {isa = PBXBuildFile; fileRef = BAADCD7C29D6F9FC003B8821 /* MapRootCoordinatorProtocol.swift */; };
		BAADCD7F29D718EE003B8821 /* MapCoordinatorProtocol.swift in Sources */ = {isa = PBXBuildFile; fileRef = BAADCD7E29D718EE003B8821 /* MapCoordinatorProtocol.swift */; };
		BAADCD8129D718FA003B8821 /* MapVMProtocol.swift in Sources */ = {isa = PBXBuildFile; fileRef = BAADCD8029D718FA003B8821 /* MapVMProtocol.swift */; };
		BAADCD8529D83B37003B8821 /* SettingsCoordinator.swift in Sources */ = {isa = PBXBuildFile; fileRef = BAADCD8429D83B37003B8821 /* SettingsCoordinator.swift */; };
		BAADCD8729D83B3F003B8821 /* SettingsAssembler.swift in Sources */ = {isa = PBXBuildFile; fileRef = BAADCD8629D83B3F003B8821 /* SettingsAssembler.swift */; };
		BAADCD8929D83B49003B8821 /* SettingsVM.swift in Sources */ = {isa = PBXBuildFile; fileRef = BAADCD8829D83B49003B8821 /* SettingsVM.swift */; };
		BAADCD8B29D83B52003B8821 /* SettingsVC.swift in Sources */ = {isa = PBXBuildFile; fileRef = BAADCD8A29D83B52003B8821 /* SettingsVC.swift */; };
		BAADCD8E29D83F81003B8821 /* SettingsCoordinatorProtocol.swift in Sources */ = {isa = PBXBuildFile; fileRef = BAADCD8D29D83F81003B8821 /* SettingsCoordinatorProtocol.swift */; };
		BAADCD9029D84209003B8821 /* SettingsRootCoordinatorProtocol.swift in Sources */ = {isa = PBXBuildFile; fileRef = BAADCD8F29D84209003B8821 /* SettingsRootCoordinatorProtocol.swift */; };
		BAADCD9229D84243003B8821 /* SettingsVMProtocol.swift in Sources */ = {isa = PBXBuildFile; fileRef = BAADCD9129D84243003B8821 /* SettingsVMProtocol.swift */; };
		BAD99EEC29DC38A600959B1B /* AuthorizationService+SignOut.swift in Sources */ = {isa = PBXBuildFile; fileRef = BAD99EEB29DC38A600959B1B /* AuthorizationService+SignOut.swift */; };
		BAD99EEE29DC38C800959B1B /* SettingsAuthorizationService.swift in Sources */ = {isa = PBXBuildFile; fileRef = BAD99EED29DC38C800959B1B /* SettingsAuthorizationService.swift */; };
		BAD99EF029DC467700959B1B /* SettingsAdapterActionDelegate.swift in Sources */ = {isa = PBXBuildFile; fileRef = BAD99EEF29DC467600959B1B /* SettingsAdapterActionDelegate.swift */; };
/* End PBXBuildFile section */

/* Begin PBXFileReference section */
		2F92BF9D6199D02B3B07F4CF /* Pods-UBeer.debug.xcconfig */ = {isa = PBXFileReference; includeInIndex = 1; lastKnownFileType = text.xcconfig; name = "Pods-UBeer.debug.xcconfig"; path = "Target Support Files/Pods-UBeer/Pods-UBeer.debug.xcconfig"; sourceTree = "<group>"; };
		35649073D38F1248F137788F /* Pods_UBeer.framework */ = {isa = PBXFileReference; explicitFileType = wrapper.framework; includeInIndex = 0; path = Pods_UBeer.framework; sourceTree = BUILT_PRODUCTS_DIR; };
		BA1BBBDD29B2A0B800E8936C /* ForgotPasswordAuthorizationServiceProtocol.swift */ = {isa = PBXFileReference; lastKnownFileType = sourcecode.swift; path = ForgotPasswordAuthorizationServiceProtocol.swift; sourceTree = "<group>"; };
		BA1BBBDF29B2A0FD00E8936C /* AuthorizationService+ForgotPassword.swift */ = {isa = PBXFileReference; lastKnownFileType = sourcecode.swift; path = "AuthorizationService+ForgotPassword.swift"; sourceTree = "<group>"; };
		BA1BBBE129B2A14B00E8936C /* ForgotPasswordVMProtocol.swift */ = {isa = PBXFileReference; lastKnownFileType = sourcecode.swift; path = ForgotPasswordVMProtocol.swift; sourceTree = "<group>"; };
		BA1BBBE329B2A23500E8936C /* ForgotPasswordCoordinatorProtocol.swift */ = {isa = PBXFileReference; lastKnownFileType = sourcecode.swift; path = ForgotPasswordCoordinatorProtocol.swift; sourceTree = "<group>"; };
		BA1BBBE529B2A55500E8936C /* ForgotPasswordRootCoordinatorProtocol.swift */ = {isa = PBXFileReference; lastKnownFileType = sourcecode.swift; path = ForgotPasswordRootCoordinatorProtocol.swift; sourceTree = "<group>"; };
		BA1BBBE929B3C05C00E8936C /* RegularTextField.swift */ = {isa = PBXFileReference; lastKnownFileType = sourcecode.swift; path = RegularTextField.swift; sourceTree = "<group>"; };
		BA1BBBEB29B3C9B600E8936C /* UILabel+Extension.swift */ = {isa = PBXFileReference; lastKnownFileType = sourcecode.swift; path = "UILabel+Extension.swift"; sourceTree = "<group>"; };
		BA1BBBEE29B7D71E00E8936C /* RegularButton.swift */ = {isa = PBXFileReference; lastKnownFileType = sourcecode.swift; path = RegularButton.swift; sourceTree = "<group>"; };
		BA1BBBF029B88F8800E8936C /* UIFont+Extension.swift */ = {isa = PBXFileReference; lastKnownFileType = sourcecode.swift; path = "UIFont+Extension.swift"; sourceTree = "<group>"; };
		BA1BBBF329B8DC4700E8936C /* AlertControllerFactory.swift */ = {isa = PBXFileReference; lastKnownFileType = sourcecode.swift; path = AlertControllerFactory.swift; sourceTree = "<group>"; };
		BA1BBBF529B8DC5C00E8936C /* AlertControllerFactoryProtocol.swift */ = {isa = PBXFileReference; lastKnownFileType = sourcecode.swift; path = AlertControllerFactoryProtocol.swift; sourceTree = "<group>"; };
		BA1BBBF929BE4BA000E8936C /* RegisterVMDelegate.swift */ = {isa = PBXFileReference; lastKnownFileType = sourcecode.swift; path = RegisterVMDelegate.swift; sourceTree = "<group>"; };
		BA32833F29D9DB610051C994 /* SettingsAdapter.swift */ = {isa = PBXFileReference; lastKnownFileType = sourcecode.swift; path = SettingsAdapter.swift; sourceTree = "<group>"; };
		BA32834129D9DBBF0051C994 /* SettingsAdapterProtocol.swift */ = {isa = PBXFileReference; lastKnownFileType = sourcecode.swift; path = SettingsAdapterProtocol.swift; sourceTree = "<group>"; };
		BA32834329D9DDC30051C994 /* Sections.swift */ = {isa = PBXFileReference; lastKnownFileType = sourcecode.swift; path = Sections.swift; sourceTree = "<group>"; };
		BA32834629D9DF1F0051C994 /* SettingsTableViewCell.swift */ = {isa = PBXFileReference; lastKnownFileType = sourcecode.swift; path = SettingsTableViewCell.swift; sourceTree = "<group>"; };
		BA32834829DA00940051C994 /* SettingsItem.swift */ = {isa = PBXFileReference; lastKnownFileType = sourcecode.swift; path = SettingsItem.swift; sourceTree = "<group>"; };
		BA641B5A29F2A63D003DA239 /* GoogleService-Info.plist */ = {isa = PBXFileReference; fileEncoding = 4; lastKnownFileType = text.plist.xml; path = "GoogleService-Info.plist"; sourceTree = "<group>"; };
		BA6E05D529ADED9800549E60 /* AppCoordinator.swift */ = {isa = PBXFileReference; lastKnownFileType = sourcecode.swift; path = AppCoordinator.swift; sourceTree = "<group>"; };
		BA6E05D829ADEE3300549E60 /* Coordinator.swift */ = {isa = PBXFileReference; lastKnownFileType = sourcecode.swift; path = Coordinator.swift; sourceTree = "<group>"; };
		BA6E05DA29ADF1EF00549E60 /* LoginVC.swift */ = {isa = PBXFileReference; lastKnownFileType = sourcecode.swift; path = LoginVC.swift; sourceTree = "<group>"; };
		BA6E05DC29ADF1F900549E60 /* LoginVM.swift */ = {isa = PBXFileReference; lastKnownFileType = sourcecode.swift; path = LoginVM.swift; sourceTree = "<group>"; };
		BA6E05DE29ADF20200549E60 /* LoginCoordinator.swift */ = {isa = PBXFileReference; lastKnownFileType = sourcecode.swift; path = LoginCoordinator.swift; sourceTree = "<group>"; };
		BA6E05E029ADF20C00549E60 /* LoginAssembler.swift */ = {isa = PBXFileReference; lastKnownFileType = sourcecode.swift; path = LoginAssembler.swift; sourceTree = "<group>"; };
		BA6E05E329ADF62C00549E60 /* LoginRootCoordinatorProtocol.swift */ = {isa = PBXFileReference; lastKnownFileType = sourcecode.swift; path = LoginRootCoordinatorProtocol.swift; sourceTree = "<group>"; };
		BA6E05E729AE196400549E60 /* LoginVMProtocol.swift */ = {isa = PBXFileReference; lastKnownFileType = sourcecode.swift; path = LoginVMProtocol.swift; sourceTree = "<group>"; };
		BA6E05E929AE1CB000549E60 /* AuthorizationService.swift */ = {isa = PBXFileReference; lastKnownFileType = sourcecode.swift; path = AuthorizationService.swift; sourceTree = "<group>"; };
		BA6E05EB29AE1D5600549E60 /* LoginAuthorizationProtocol.swift */ = {isa = PBXFileReference; lastKnownFileType = sourcecode.swift; path = LoginAuthorizationProtocol.swift; sourceTree = "<group>"; };
		BA6E05ED29AE1E2F00549E60 /* LoginCoordinatorProtocol.swift */ = {isa = PBXFileReference; lastKnownFileType = sourcecode.swift; path = LoginCoordinatorProtocol.swift; sourceTree = "<group>"; };
		BA6E05EF29AE279700549E60 /* AuthorizationService+Login.swift */ = {isa = PBXFileReference; lastKnownFileType = sourcecode.swift; path = "AuthorizationService+Login.swift"; sourceTree = "<group>"; };
		BA6E05F229AF3BC000549E60 /* UIColor+Extension.swift */ = {isa = PBXFileReference; lastKnownFileType = sourcecode.swift; path = "UIColor+Extension.swift"; sourceTree = "<group>"; };
		BA6E05FE29AFD8AD00549E60 /* RegisterVC.swift */ = {isa = PBXFileReference; lastKnownFileType = sourcecode.swift; path = RegisterVC.swift; sourceTree = "<group>"; };
		BA6E060029AFD8BC00549E60 /* RegisterVM.swift */ = {isa = PBXFileReference; lastKnownFileType = sourcecode.swift; path = RegisterVM.swift; sourceTree = "<group>"; };
		BA6E060229AFD8C700549E60 /* RegisterCoordinator.swift */ = {isa = PBXFileReference; lastKnownFileType = sourcecode.swift; path = RegisterCoordinator.swift; sourceTree = "<group>"; };
		BA6E060429AFD92600549E60 /* RegisterAssembler.swift */ = {isa = PBXFileReference; lastKnownFileType = sourcecode.swift; path = RegisterAssembler.swift; sourceTree = "<group>"; };
		BA6E060629AFDAC600549E60 /* RegisterVMProtocol.swift */ = {isa = PBXFileReference; lastKnownFileType = sourcecode.swift; path = RegisterVMProtocol.swift; sourceTree = "<group>"; };
		BA6E060C29AFE1C900549E60 /* AuthorizationService+Register.swift */ = {isa = PBXFileReference; lastKnownFileType = sourcecode.swift; path = "AuthorizationService+Register.swift"; sourceTree = "<group>"; };
		BA6E060F29AFE1F400549E60 /* RegisterAuthorizationServiceProtocol.swift */ = {isa = PBXFileReference; lastKnownFileType = sourcecode.swift; path = RegisterAuthorizationServiceProtocol.swift; sourceTree = "<group>"; };
		BA6E061129AFE35F00549E60 /* RegisterCoordinatorProtocol.swift */ = {isa = PBXFileReference; lastKnownFileType = sourcecode.swift; path = RegisterCoordinatorProtocol.swift; sourceTree = "<group>"; };
		BA6E061329AFE38200549E60 /* RegisterRootCoordinatorProtocol.swift */ = {isa = PBXFileReference; lastKnownFileType = sourcecode.swift; path = RegisterRootCoordinatorProtocol.swift; sourceTree = "<group>"; };
		BA88240F29CDC36F00E2EDBD /* ProfileVMProtocol.swift */ = {isa = PBXFileReference; lastKnownFileType = sourcecode.swift; path = ProfileVMProtocol.swift; sourceTree = "<group>"; };
		BA88241129CDC3C700E2EDBD /* ProfileCoordinatorProtocol.swift */ = {isa = PBXFileReference; lastKnownFileType = sourcecode.swift; path = ProfileCoordinatorProtocol.swift; sourceTree = "<group>"; };
		BA88241529D0291800E2EDBD /* OnboardingVMDelegate.swift */ = {isa = PBXFileReference; lastKnownFileType = sourcecode.swift; path = OnboardingVMDelegate.swift; sourceTree = "<group>"; };
		BA88241729D0299700E2EDBD /* OnboardingAdapterPageDelegate.swift */ = {isa = PBXFileReference; lastKnownFileType = sourcecode.swift; path = OnboardingAdapterPageDelegate.swift; sourceTree = "<group>"; };
		BA89B80029CDBF9700CD7C76 /* ProfileRootCoordinatorProtocol.swift */ = {isa = PBXFileReference; lastKnownFileType = sourcecode.swift; path = ProfileRootCoordinatorProtocol.swift; sourceTree = "<group>"; };
		BA8F4BD829ABF66C00C68B78 /* UBeer.app */ = {isa = PBXFileReference; explicitFileType = wrapper.application; includeInIndex = 0; path = UBeer.app; sourceTree = BUILT_PRODUCTS_DIR; };
		BA8F4BDB29ABF66C00C68B78 /* AppDelegate.swift */ = {isa = PBXFileReference; lastKnownFileType = sourcecode.swift; path = AppDelegate.swift; sourceTree = "<group>"; };
		BA8F4BDD29ABF66C00C68B78 /* SceneDelegate.swift */ = {isa = PBXFileReference; lastKnownFileType = sourcecode.swift; path = SceneDelegate.swift; sourceTree = "<group>"; };
		BA8F4BE429ABF67300C68B78 /* Assets.xcassets */ = {isa = PBXFileReference; lastKnownFileType = folder.assetcatalog; path = Assets.xcassets; sourceTree = "<group>"; };
		BA8F4BE729ABF67300C68B78 /* Base */ = {isa = PBXFileReference; lastKnownFileType = file.storyboard; name = Base; path = Base.lproj/LaunchScreen.storyboard; sourceTree = "<group>"; };
		BA8F4BE929ABF67300C68B78 /* Info.plist */ = {isa = PBXFileReference; lastKnownFileType = text.plist.xml; path = Info.plist; sourceTree = "<group>"; };
		BA94BDF829C25BB40001A07B /* ForgotPasswordVMDelegate.swift */ = {isa = PBXFileReference; lastKnownFileType = sourcecode.swift; path = ForgotPasswordVMDelegate.swift; sourceTree = "<group>"; };
		BA94BDFE29C380690001A07B /* UIButton+Extension.swift */ = {isa = PBXFileReference; lastKnownFileType = sourcecode.swift; path = "UIButton+Extension.swift"; sourceTree = "<group>"; };
		BA9DE7E329C5F3D0001A266B /* OnboardingPageVC.swift */ = {isa = PBXFileReference; lastKnownFileType = sourcecode.swift; path = OnboardingPageVC.swift; sourceTree = "<group>"; };
		BA9DE7E529C5F3D8001A266B /* OnboardingVM.swift */ = {isa = PBXFileReference; lastKnownFileType = sourcecode.swift; path = OnboardingVM.swift; sourceTree = "<group>"; };
		BA9DE7E729C5F3E2001A266B /* OnboardingCoordinator.swift */ = {isa = PBXFileReference; lastKnownFileType = sourcecode.swift; path = OnboardingCoordinator.swift; sourceTree = "<group>"; };
		BA9DE7E929C5F3F2001A266B /* OnboardingAssembler.swift */ = {isa = PBXFileReference; lastKnownFileType = sourcecode.swift; path = OnboardingAssembler.swift; sourceTree = "<group>"; };
		BA9DE7EC29C5F476001A266B /* OnboardingCoordinatorProtocol.swift */ = {isa = PBXFileReference; lastKnownFileType = sourcecode.swift; path = OnboardingCoordinatorProtocol.swift; sourceTree = "<group>"; };
		BA9DE7F029C5F4CD001A266B /* OnboardingVMProtocol.swift */ = {isa = PBXFileReference; lastKnownFileType = sourcecode.swift; path = OnboardingVMProtocol.swift; sourceTree = "<group>"; };
		BA9DE7F229C5F4F9001A266B /* OnboardingRootCoordinatorProtocol.swift */ = {isa = PBXFileReference; lastKnownFileType = sourcecode.swift; path = OnboardingRootCoordinatorProtocol.swift; sourceTree = "<group>"; };
		BA9DE7F429C832BA001A266B /* OnboardingPageList.swift */ = {isa = PBXFileReference; lastKnownFileType = sourcecode.swift; path = OnboardingPageList.swift; sourceTree = "<group>"; };
		BA9DE7F729C872D8001A266B /* OnboardingAdapter.swift */ = {isa = PBXFileReference; lastKnownFileType = sourcecode.swift; path = OnboardingAdapter.swift; sourceTree = "<group>"; };
		BA9DE7FA29C8731B001A266B /* OnboardingAdapterProtocol.swift */ = {isa = PBXFileReference; lastKnownFileType = sourcecode.swift; path = OnboardingAdapterProtocol.swift; sourceTree = "<group>"; };
		BA9DE7FF29CCE96B001A266B /* ProfileVC.swift */ = {isa = PBXFileReference; lastKnownFileType = sourcecode.swift; path = ProfileVC.swift; sourceTree = "<group>"; };
		BA9DE80129CCE982001A266B /* ProfileCoordinator.swift */ = {isa = PBXFileReference; lastKnownFileType = sourcecode.swift; path = ProfileCoordinator.swift; sourceTree = "<group>"; };
		BA9DE80329CCE994001A266B /* ProfileVM.swift */ = {isa = PBXFileReference; lastKnownFileType = sourcecode.swift; path = ProfileVM.swift; sourceTree = "<group>"; };
		BA9DE80529CCE9A7001A266B /* ProfileAssembler.swift */ = {isa = PBXFileReference; lastKnownFileType = sourcecode.swift; path = ProfileAssembler.swift; sourceTree = "<group>"; };
		BAA795B929B297FC007BCD03 /* ForgotPasswordVC.swift */ = {isa = PBXFileReference; lastKnownFileType = sourcecode.swift; path = ForgotPasswordVC.swift; sourceTree = "<group>"; };
		BAA795BB29B29802007BCD03 /* ForgotPasswordVM.swift */ = {isa = PBXFileReference; lastKnownFileType = sourcecode.swift; path = ForgotPasswordVM.swift; sourceTree = "<group>"; };
		BAA795BD29B2980B007BCD03 /* ForgotPasswordCoordinator.swift */ = {isa = PBXFileReference; lastKnownFileType = sourcecode.swift; path = ForgotPasswordCoordinator.swift; sourceTree = "<group>"; };
		BAA795BF29B29812007BCD03 /* ForgotPasswordAssembler.swift */ = {isa = PBXFileReference; lastKnownFileType = sourcecode.swift; path = ForgotPasswordAssembler.swift; sourceTree = "<group>"; };
		BAADCD6129D4538E003B8821 /* LoginVMDelegate.swift */ = {isa = PBXFileReference; lastKnownFileType = sourcecode.swift; path = LoginVMDelegate.swift; sourceTree = "<group>"; };
		BAADCD6329D630DE003B8821 /* Pages.swift */ = {isa = PBXFileReference; lastKnownFileType = sourcecode.swift; path = Pages.swift; sourceTree = "<group>"; };
		BAADCD6729D6E6AA003B8821 /* TabBarCoordinator.swift */ = {isa = PBXFileReference; lastKnownFileType = sourcecode.swift; path = TabBarCoordinator.swift; sourceTree = "<group>"; };
		BAADCD6929D6E765003B8821 /* TabBarAssembler.swift */ = {isa = PBXFileReference; lastKnownFileType = sourcecode.swift; path = TabBarAssembler.swift; sourceTree = "<group>"; };
		BAADCD6B29D6E818003B8821 /* TabBarCoordinatorProtocol.swift */ = {isa = PBXFileReference; lastKnownFileType = sourcecode.swift; path = TabBarCoordinatorProtocol.swift; sourceTree = "<group>"; };
		BAADCD6D29D6E9D9003B8821 /* TabBarController.swift */ = {isa = PBXFileReference; lastKnownFileType = sourcecode.swift; path = TabBarController.swift; sourceTree = "<group>"; };
		BAADCD6F29D6EAEB003B8821 /* TabBarRootCoordinatorProtocol.swift */ = {isa = PBXFileReference; lastKnownFileType = sourcecode.swift; path = TabBarRootCoordinatorProtocol.swift; sourceTree = "<group>"; };
		BAADCD7329D6F975003B8821 /* MapVC.swift */ = {isa = PBXFileReference; lastKnownFileType = sourcecode.swift; path = MapVC.swift; sourceTree = "<group>"; };
		BAADCD7529D6F97F003B8821 /* MapCoordinator.swift */ = {isa = PBXFileReference; lastKnownFileType = sourcecode.swift; path = MapCoordinator.swift; sourceTree = "<group>"; };
		BAADCD7729D6F98C003B8821 /* MapAssembler.swift */ = {isa = PBXFileReference; lastKnownFileType = sourcecode.swift; path = MapAssembler.swift; sourceTree = "<group>"; };
		BAADCD7929D6F996003B8821 /* MapVM.swift */ = {isa = PBXFileReference; lastKnownFileType = sourcecode.swift; path = MapVM.swift; sourceTree = "<group>"; };
		BAADCD7C29D6F9FC003B8821 /* MapRootCoordinatorProtocol.swift */ = {isa = PBXFileReference; lastKnownFileType = sourcecode.swift; path = MapRootCoordinatorProtocol.swift; sourceTree = "<group>"; };
		BAADCD7E29D718EE003B8821 /* MapCoordinatorProtocol.swift */ = {isa = PBXFileReference; lastKnownFileType = sourcecode.swift; path = MapCoordinatorProtocol.swift; sourceTree = "<group>"; };
		BAADCD8029D718FA003B8821 /* MapVMProtocol.swift */ = {isa = PBXFileReference; lastKnownFileType = sourcecode.swift; path = MapVMProtocol.swift; sourceTree = "<group>"; };
		BAADCD8429D83B37003B8821 /* SettingsCoordinator.swift */ = {isa = PBXFileReference; lastKnownFileType = sourcecode.swift; path = SettingsCoordinator.swift; sourceTree = "<group>"; };
		BAADCD8629D83B3F003B8821 /* SettingsAssembler.swift */ = {isa = PBXFileReference; lastKnownFileType = sourcecode.swift; path = SettingsAssembler.swift; sourceTree = "<group>"; };
		BAADCD8829D83B49003B8821 /* SettingsVM.swift */ = {isa = PBXFileReference; lastKnownFileType = sourcecode.swift; path = SettingsVM.swift; sourceTree = "<group>"; };
		BAADCD8A29D83B52003B8821 /* SettingsVC.swift */ = {isa = PBXFileReference; lastKnownFileType = sourcecode.swift; path = SettingsVC.swift; sourceTree = "<group>"; };
		BAADCD8D29D83F81003B8821 /* SettingsCoordinatorProtocol.swift */ = {isa = PBXFileReference; lastKnownFileType = sourcecode.swift; path = SettingsCoordinatorProtocol.swift; sourceTree = "<group>"; };
		BAADCD8F29D84209003B8821 /* SettingsRootCoordinatorProtocol.swift */ = {isa = PBXFileReference; lastKnownFileType = sourcecode.swift; path = SettingsRootCoordinatorProtocol.swift; sourceTree = "<group>"; };
		BAADCD9129D84243003B8821 /* SettingsVMProtocol.swift */ = {isa = PBXFileReference; lastKnownFileType = sourcecode.swift; path = SettingsVMProtocol.swift; sourceTree = "<group>"; };
		BAD99EEB29DC38A600959B1B /* AuthorizationService+SignOut.swift */ = {isa = PBXFileReference; lastKnownFileType = sourcecode.swift; path = "AuthorizationService+SignOut.swift"; sourceTree = "<group>"; };
		BAD99EED29DC38C800959B1B /* SettingsAuthorizationService.swift */ = {isa = PBXFileReference; lastKnownFileType = sourcecode.swift; path = SettingsAuthorizationService.swift; sourceTree = "<group>"; };
		BAD99EEF29DC467600959B1B /* SettingsAdapterActionDelegate.swift */ = {isa = PBXFileReference; lastKnownFileType = sourcecode.swift; path = SettingsAdapterActionDelegate.swift; sourceTree = "<group>"; };
		D4946B0234161AD833F215E1 /* Pods-UBeer.release.xcconfig */ = {isa = PBXFileReference; includeInIndex = 1; lastKnownFileType = text.xcconfig; name = "Pods-UBeer.release.xcconfig"; path = "Target Support Files/Pods-UBeer/Pods-UBeer.release.xcconfig"; sourceTree = "<group>"; };
/* End PBXFileReference section */

/* Begin PBXFrameworksBuildPhase section */
		BA8F4BD529ABF66C00C68B78 /* Frameworks */ = {
			isa = PBXFrameworksBuildPhase;
			buildActionMask = 2147483647;
			files = (
				3A22660EE01118B700FC8766 /* Pods_UBeer.framework in Frameworks */,
			);
			runOnlyForDeploymentPostprocessing = 0;
		};
/* End PBXFrameworksBuildPhase section */

/* Begin PBXGroup section */
		12714C3CB39F492AF39F9FC3 /* Frameworks */ = {
			isa = PBXGroup;
			children = (
				35649073D38F1248F137788F /* Pods_UBeer.framework */,
			);
			name = Frameworks;
			sourceTree = "<group>";
		};
		BA1BBBED29B7D44700E8936C /* UI Elements */ = {
			isa = PBXGroup;
			children = (
				BA1BBBE929B3C05C00E8936C /* RegularTextField.swift */,
				BA1BBBEE29B7D71E00E8936C /* RegularButton.swift */,
			);
			path = "UI Elements";
			sourceTree = "<group>";
		};
		BA32833E29D9DB4D0051C994 /* SettingsAdapter */ = {
			isa = PBXGroup;
			children = (
				BA32833F29D9DB610051C994 /* SettingsAdapter.swift */,
				BA32834129D9DBBF0051C994 /* SettingsAdapterProtocol.swift */,
				BA32834329D9DDC30051C994 /* Sections.swift */,
				BA32834829DA00940051C994 /* SettingsItem.swift */,
				BAD99EEF29DC467600959B1B /* SettingsAdapterActionDelegate.swift */,
			);
			path = SettingsAdapter;
			sourceTree = "<group>";
		};
		BA32834529D9DF070051C994 /* SettingsTableViewCell */ = {
			isa = PBXGroup;
			children = (
				BA32834629D9DF1F0051C994 /* SettingsTableViewCell.swift */,
			);
			path = SettingsTableViewCell;
			sourceTree = "<group>";
		};
		BA6E05CA29ADE05200549E60 /* Application */ = {
			isa = PBXGroup;
			children = (
				BA6E05D829ADEE3300549E60 /* Coordinator.swift */,
				BA8F4BDD29ABF66C00C68B78 /* SceneDelegate.swift */,
				BA8F4BDB29ABF66C00C68B78 /* AppDelegate.swift */,
				BA6E05D529ADED9800549E60 /* AppCoordinator.swift */,
			);
			path = Application;
			sourceTree = "<group>";
		};
		BA6E05CB29ADE0AD00549E60 /* Resources */ = {
			isa = PBXGroup;
			children = (
				BA8F4BE429ABF67300C68B78 /* Assets.xcassets */,
				BA8F4BE629ABF67300C68B78 /* LaunchScreen.storyboard */,
				BA8F4BE929ABF67300C68B78 /* Info.plist */,
			);
			path = Resources;
			sourceTree = "<group>";
		};
		BA6E05CC29ADE0DE00549E60 /* Modules */ = {
			isa = PBXGroup;
			children = (
				BA9DE7FE29CCE947001A266B /* MainApplication */,
				BA9DE7E229C5F3B1001A266B /* OnboardingModule */,
				BA6E05D229ADE38600549E60 /* AuthorizationModule */,
			);
			path = Modules;
			sourceTree = "<group>";
		};
		BA6E05D029ADE11C00549E60 /* Services */ = {
			isa = PBXGroup;
			children = (
				BA6E05D329ADE4D900549E60 /* AuthorizationServices */,
			);
			path = Services;
			sourceTree = "<group>";
		};
		BA6E05D229ADE38600549E60 /* AuthorizationModule */ = {
			isa = PBXGroup;
			children = (
				BA6E05D429ADE50700549E60 /* LoginScene */,
				BA6E05E529AE17A100549E60 /* RegisterScene */,
				BA6E05E629AE17AE00549E60 /* ForgotPasswordScene */,
			);
			path = AuthorizationModule;
			sourceTree = "<group>";
		};
		BA6E05D329ADE4D900549E60 /* AuthorizationServices */ = {
			isa = PBXGroup;
			children = (
				BA6E05E929AE1CB000549E60 /* AuthorizationService.swift */,
			);
			path = AuthorizationServices;
			sourceTree = "<group>";
		};
		BA6E05D429ADE50700549E60 /* LoginScene */ = {
			isa = PBXGroup;
			children = (
				BA6E060929AFE18C00549E60 /* Extensions */,
				BA6E05E229ADF61500549E60 /* Protocols */,
				BA6E05DE29ADF20200549E60 /* LoginCoordinator.swift */,
				BA6E05E029ADF20C00549E60 /* LoginAssembler.swift */,
				BA6E05DC29ADF1F900549E60 /* LoginVM.swift */,
				BA6E05DA29ADF1EF00549E60 /* LoginVC.swift */,
			);
			path = LoginScene;
			sourceTree = "<group>";
		};
		BA6E05E229ADF61500549E60 /* Protocols */ = {
			isa = PBXGroup;
			children = (
				BA6E05E729AE196400549E60 /* LoginVMProtocol.swift */,
				BA6E05EB29AE1D5600549E60 /* LoginAuthorizationProtocol.swift */,
				BA6E05ED29AE1E2F00549E60 /* LoginCoordinatorProtocol.swift */,
				BA6E05E329ADF62C00549E60 /* LoginRootCoordinatorProtocol.swift */,
				BAADCD6129D4538E003B8821 /* LoginVMDelegate.swift */,
			);
			path = Protocols;
			sourceTree = "<group>";
		};
		BA6E05E529AE17A100549E60 /* RegisterScene */ = {
			isa = PBXGroup;
			children = (
				BA6E060A29AFE19D00549E60 /* Extensions */,
				BA6E060829AFE14A00549E60 /* Protocols */,
				BA6E060229AFD8C700549E60 /* RegisterCoordinator.swift */,
				BA6E060429AFD92600549E60 /* RegisterAssembler.swift */,
				BA6E060029AFD8BC00549E60 /* RegisterVM.swift */,
				BA6E05FE29AFD8AD00549E60 /* RegisterVC.swift */,
			);
			path = RegisterScene;
			sourceTree = "<group>";
		};
		BA6E05E629AE17AE00549E60 /* ForgotPasswordScene */ = {
			isa = PBXGroup;
			children = (
				BAA795C129B29912007BCD03 /* Extensions */,
				BAA795B829B297DD007BCD03 /* Protocols */,
				BAA795BD29B2980B007BCD03 /* ForgotPasswordCoordinator.swift */,
				BAA795BF29B29812007BCD03 /* ForgotPasswordAssembler.swift */,
				BAA795BB29B29802007BCD03 /* ForgotPasswordVM.swift */,
				BAA795B929B297FC007BCD03 /* ForgotPasswordVC.swift */,
			);
			path = ForgotPasswordScene;
			sourceTree = "<group>";
		};
		BA6E05F129AF3B9100549E60 /* Extensions */ = {
			isa = PBXGroup;
			children = (
				BA6E05F229AF3BC000549E60 /* UIColor+Extension.swift */,
				BA1BBBEB29B3C9B600E8936C /* UILabel+Extension.swift */,
				BA1BBBF029B88F8800E8936C /* UIFont+Extension.swift */,
				BA94BDFE29C380690001A07B /* UIButton+Extension.swift */,
			);
			path = Extensions;
			sourceTree = "<group>";
		};
		BA6E060829AFE14A00549E60 /* Protocols */ = {
			isa = PBXGroup;
			children = (
				BA6E060629AFDAC600549E60 /* RegisterVMProtocol.swift */,
				BA6E061129AFE35F00549E60 /* RegisterCoordinatorProtocol.swift */,
				BA6E060F29AFE1F400549E60 /* RegisterAuthorizationServiceProtocol.swift */,
				BA6E061329AFE38200549E60 /* RegisterRootCoordinatorProtocol.swift */,
				BA1BBBF929BE4BA000E8936C /* RegisterVMDelegate.swift */,
			);
			path = Protocols;
			sourceTree = "<group>";
		};
		BA6E060929AFE18C00549E60 /* Extensions */ = {
			isa = PBXGroup;
			children = (
				BA6E05EF29AE279700549E60 /* AuthorizationService+Login.swift */,
			);
			path = Extensions;
			sourceTree = "<group>";
		};
		BA6E060A29AFE19D00549E60 /* Extensions */ = {
			isa = PBXGroup;
			children = (
				BA6E060C29AFE1C900549E60 /* AuthorizationService+Register.swift */,
			);
			path = Extensions;
			sourceTree = "<group>";
		};
		BA88241329D027A800E2EDBD /* OnboardingAdapter */ = {
			isa = PBXGroup;
			children = (
				BA9DE7FA29C8731B001A266B /* OnboardingAdapterProtocol.swift */,
				BA88241729D0299700E2EDBD /* OnboardingAdapterPageDelegate.swift */,
				BA9DE7F729C872D8001A266B /* OnboardingAdapter.swift */,
			);
			path = OnboardingAdapter;
			sourceTree = "<group>";
		};
		BA88241429D027D100E2EDBD /* AlertControllerFactory */ = {
			isa = PBXGroup;
			children = (
				BA1BBBF329B8DC4700E8936C /* AlertControllerFactory.swift */,
				BA1BBBF529B8DC5C00E8936C /* AlertControllerFactoryProtocol.swift */,
			);
			path = AlertControllerFactory;
			sourceTree = "<group>";
		};
		BA89B80229CDBFCB00CD7C76 /* Protocols */ = {
			isa = PBXGroup;
			children = (
				BA88241129CDC3C700E2EDBD /* ProfileCoordinatorProtocol.swift */,
				BA88240F29CDC36F00E2EDBD /* ProfileVMProtocol.swift */,
				BA89B80029CDBF9700CD7C76 /* ProfileRootCoordinatorProtocol.swift */,
			);
			path = Protocols;
			sourceTree = "<group>";
		};
		BA8F4BCF29ABF66C00C68B78 = {
			isa = PBXGroup;
			children = (
				BA8F4BDA29ABF66C00C68B78 /* UBeer */,
				BA8F4BD929ABF66C00C68B78 /* Products */,
				E608F4F0992CEDC628EBE4F9 /* Pods */,
				12714C3CB39F492AF39F9FC3 /* Frameworks */,
			);
			sourceTree = "<group>";
		};
		BA8F4BD929ABF66C00C68B78 /* Products */ = {
			isa = PBXGroup;
			children = (
				BA8F4BD829ABF66C00C68B78 /* UBeer.app */,
			);
			name = Products;
			sourceTree = "<group>";
		};
		BA8F4BDA29ABF66C00C68B78 /* UBeer */ = {
			isa = PBXGroup;
			children = (
				BA641B5A29F2A63D003DA239 /* GoogleService-Info.plist */,
				BA6E05CA29ADE05200549E60 /* Application */,
				BA6E05CC29ADE0DE00549E60 /* Modules */,
				BA88241429D027D100E2EDBD /* AlertControllerFactory */,
				BA6E05D029ADE11C00549E60 /* Services */,
				BA6E05F129AF3B9100549E60 /* Extensions */,
				BA1BBBED29B7D44700E8936C /* UI Elements */,
				BA6E05CB29ADE0AD00549E60 /* Resources */,
			);
			path = UBeer;
			sourceTree = "<group>";
		};
		BA9DE7E229C5F3B1001A266B /* OnboardingModule */ = {
			isa = PBXGroup;
			children = (
				BA88241329D027A800E2EDBD /* OnboardingAdapter */,
				BA9DE7EB29C5F42B001A266B /* Protocols */,
				BA9DE7E729C5F3E2001A266B /* OnboardingCoordinator.swift */,
				BA9DE7E929C5F3F2001A266B /* OnboardingAssembler.swift */,
				BA9DE7E529C5F3D8001A266B /* OnboardingVM.swift */,
				BA9DE7E329C5F3D0001A266B /* OnboardingPageVC.swift */,
				BA9DE7F429C832BA001A266B /* OnboardingPageList.swift */,
				BAADCD6329D630DE003B8821 /* Pages.swift */,
			);
			path = OnboardingModule;
			sourceTree = "<group>";
		};
		BA9DE7EB29C5F42B001A266B /* Protocols */ = {
			isa = PBXGroup;
			children = (
				BA9DE7EC29C5F476001A266B /* OnboardingCoordinatorProtocol.swift */,
				BA9DE7F029C5F4CD001A266B /* OnboardingVMProtocol.swift */,
				BA9DE7F229C5F4F9001A266B /* OnboardingRootCoordinatorProtocol.swift */,
				BA88241529D0291800E2EDBD /* OnboardingVMDelegate.swift */,
			);
			path = Protocols;
			sourceTree = "<group>";
		};
		BA9DE7FE29CCE947001A266B /* MainApplication */ = {
			isa = PBXGroup;
			children = (
				BAADCD6629D6CE9B003B8821 /* TabBarController */,
				BAADCD7229D6F955003B8821 /* MapScene */,
				BAADCD6529D6CE7E003B8821 /* ProfileScene */,
			);
			path = MainApplication;
			sourceTree = "<group>";
		};
		BAA795B829B297DD007BCD03 /* Protocols */ = {
			isa = PBXGroup;
			children = (
				BA1BBBE129B2A14B00E8936C /* ForgotPasswordVMProtocol.swift */,
				BA1BBBE329B2A23500E8936C /* ForgotPasswordCoordinatorProtocol.swift */,
				BA1BBBDD29B2A0B800E8936C /* ForgotPasswordAuthorizationServiceProtocol.swift */,
				BA1BBBE529B2A55500E8936C /* ForgotPasswordRootCoordinatorProtocol.swift */,
				BA94BDF829C25BB40001A07B /* ForgotPasswordVMDelegate.swift */,
			);
			path = Protocols;
			sourceTree = "<group>";
		};
		BAA795C129B29912007BCD03 /* Extensions */ = {
			isa = PBXGroup;
			children = (
				BA1BBBDF29B2A0FD00E8936C /* AuthorizationService+ForgotPassword.swift */,
			);
			path = Extensions;
			sourceTree = "<group>";
		};
		BAADCD6529D6CE7E003B8821 /* ProfileScene */ = {
			isa = PBXGroup;
			children = (
				BA89B80229CDBFCB00CD7C76 /* Protocols */,
				BA9DE80129CCE982001A266B /* ProfileCoordinator.swift */,
				BA9DE80529CCE9A7001A266B /* ProfileAssembler.swift */,
				BA9DE80329CCE994001A266B /* ProfileVM.swift */,
				BA9DE7FF29CCE96B001A266B /* ProfileVC.swift */,
				BAADCD8329D83AC5003B8821 /* SettingsUnit */,
			);
			path = ProfileScene;
			sourceTree = "<group>";
		};
		BAADCD6629D6CE9B003B8821 /* TabBarController */ = {
			isa = PBXGroup;
			children = (
				BAADCD7129D6F8F4003B8821 /* Protocols */,
				BAADCD6729D6E6AA003B8821 /* TabBarCoordinator.swift */,
				BAADCD6929D6E765003B8821 /* TabBarAssembler.swift */,
				BAADCD6D29D6E9D9003B8821 /* TabBarController.swift */,
			);
			path = TabBarController;
			sourceTree = "<group>";
		};
		BAADCD7129D6F8F4003B8821 /* Protocols */ = {
			isa = PBXGroup;
			children = (
				BAADCD6B29D6E818003B8821 /* TabBarCoordinatorProtocol.swift */,
				BAADCD6F29D6EAEB003B8821 /* TabBarRootCoordinatorProtocol.swift */,
			);
			path = Protocols;
			sourceTree = "<group>";
		};
		BAADCD7229D6F955003B8821 /* MapScene */ = {
			isa = PBXGroup;
			children = (
				BAADCD7B29D6F9E8003B8821 /* Protocols */,
				BAADCD7529D6F97F003B8821 /* MapCoordinator.swift */,
				BAADCD7729D6F98C003B8821 /* MapAssembler.swift */,
				BAADCD7929D6F996003B8821 /* MapVM.swift */,
				BAADCD7329D6F975003B8821 /* MapVC.swift */,
			);
			path = MapScene;
			sourceTree = "<group>";
		};
		BAADCD7B29D6F9E8003B8821 /* Protocols */ = {
			isa = PBXGroup;
			children = (
				BAADCD7E29D718EE003B8821 /* MapCoordinatorProtocol.swift */,
				BAADCD8029D718FA003B8821 /* MapVMProtocol.swift */,
				BAADCD7C29D6F9FC003B8821 /* MapRootCoordinatorProtocol.swift */,
			);
			path = Protocols;
			sourceTree = "<group>";
		};
		BAADCD8329D83AC5003B8821 /* SettingsUnit */ = {
			isa = PBXGroup;
			children = (
				BAD99EEA29DC387C00959B1B /* Extensions */,
				BA32834529D9DF070051C994 /* SettingsTableViewCell */,
				BA32833E29D9DB4D0051C994 /* SettingsAdapter */,
				BAADCD8C29D83F6A003B8821 /* Protocols */,
				BAADCD8429D83B37003B8821 /* SettingsCoordinator.swift */,
				BAADCD8629D83B3F003B8821 /* SettingsAssembler.swift */,
				BAADCD8829D83B49003B8821 /* SettingsVM.swift */,
				BAADCD8A29D83B52003B8821 /* SettingsVC.swift */,
			);
			path = SettingsUnit;
			sourceTree = "<group>";
		};
		BAADCD8C29D83F6A003B8821 /* Protocols */ = {
			isa = PBXGroup;
			children = (
				BAADCD8D29D83F81003B8821 /* SettingsCoordinatorProtocol.swift */,
				BAADCD8F29D84209003B8821 /* SettingsRootCoordinatorProtocol.swift */,
				BAADCD9129D84243003B8821 /* SettingsVMProtocol.swift */,
				BAD99EED29DC38C800959B1B /* SettingsAuthorizationService.swift */,
			);
			path = Protocols;
			sourceTree = "<group>";
		};
		BAD99EEA29DC387C00959B1B /* Extensions */ = {
			isa = PBXGroup;
			children = (
				BAD99EEB29DC38A600959B1B /* AuthorizationService+SignOut.swift */,
			);
			path = Extensions;
			sourceTree = "<group>";
		};
		E608F4F0992CEDC628EBE4F9 /* Pods */ = {
			isa = PBXGroup;
			children = (
				2F92BF9D6199D02B3B07F4CF /* Pods-UBeer.debug.xcconfig */,
				D4946B0234161AD833F215E1 /* Pods-UBeer.release.xcconfig */,
			);
			path = Pods;
			sourceTree = "<group>";
		};
/* End PBXGroup section */

/* Begin PBXNativeTarget section */
		BA8F4BD729ABF66C00C68B78 /* UBeer */ = {
			isa = PBXNativeTarget;
			buildConfigurationList = BA8F4BEC29ABF67300C68B78 /* Build configuration list for PBXNativeTarget "UBeer" */;
			buildPhases = (
				9B154A5C9580A2C90AF1F139 /* [CP] Check Pods Manifest.lock */,
				BA8F4BD429ABF66C00C68B78 /* Sources */,
				BA8F4BD529ABF66C00C68B78 /* Frameworks */,
				BA8F4BD629ABF66C00C68B78 /* Resources */,
				11B6DEC68E893383B0576BBC /* [CP] Embed Pods Frameworks */,
			);
			buildRules = (
			);
			dependencies = (
			);
			name = UBeer;
			productName = UBeer;
			productReference = BA8F4BD829ABF66C00C68B78 /* UBeer.app */;
			productType = "com.apple.product-type.application";
		};
/* End PBXNativeTarget section */

/* Begin PBXProject section */
		BA8F4BD029ABF66C00C68B78 /* Project object */ = {
			isa = PBXProject;
			attributes = {
				BuildIndependentTargetsInParallel = 1;
				LastSwiftUpdateCheck = 1420;
				LastUpgradeCheck = 1420;
				TargetAttributes = {
					BA8F4BD729ABF66C00C68B78 = {
						CreatedOnToolsVersion = 14.2;
					};
				};
			};
			buildConfigurationList = BA8F4BD329ABF66C00C68B78 /* Build configuration list for PBXProject "UBeer" */;
			compatibilityVersion = "Xcode 14.0";
			developmentRegion = en;
			hasScannedForEncodings = 0;
			knownRegions = (
				en,
				Base,
			);
			mainGroup = BA8F4BCF29ABF66C00C68B78;
			productRefGroup = BA8F4BD929ABF66C00C68B78 /* Products */;
			projectDirPath = "";
			projectRoot = "";
			targets = (
				BA8F4BD729ABF66C00C68B78 /* UBeer */,
			);
		};
/* End PBXProject section */

/* Begin PBXResourcesBuildPhase section */
		BA8F4BD629ABF66C00C68B78 /* Resources */ = {
			isa = PBXResourcesBuildPhase;
			buildActionMask = 2147483647;
			files = (
				BA8F4BE829ABF67300C68B78 /* LaunchScreen.storyboard in Resources */,
				BA8F4BE529ABF67300C68B78 /* Assets.xcassets in Resources */,
				BA641B5B29F2A63D003DA239 /* GoogleService-Info.plist in Resources */,
			);
			runOnlyForDeploymentPostprocessing = 0;
		};
/* End PBXResourcesBuildPhase section */

/* Begin PBXShellScriptBuildPhase section */
		11B6DEC68E893383B0576BBC /* [CP] Embed Pods Frameworks */ = {
			isa = PBXShellScriptBuildPhase;
			buildActionMask = 2147483647;
			files = (
			);
			inputFileListPaths = (
				"${PODS_ROOT}/Target Support Files/Pods-UBeer/Pods-UBeer-frameworks-${CONFIGURATION}-input-files.xcfilelist",
			);
			name = "[CP] Embed Pods Frameworks";
			outputFileListPaths = (
				"${PODS_ROOT}/Target Support Files/Pods-UBeer/Pods-UBeer-frameworks-${CONFIGURATION}-output-files.xcfilelist",
			);
			runOnlyForDeploymentPostprocessing = 0;
			shellPath = /bin/sh;
			shellScript = "\"${PODS_ROOT}/Target Support Files/Pods-UBeer/Pods-UBeer-frameworks.sh\"\n";
			showEnvVarsInLog = 0;
		};
		9B154A5C9580A2C90AF1F139 /* [CP] Check Pods Manifest.lock */ = {
			isa = PBXShellScriptBuildPhase;
			buildActionMask = 2147483647;
			files = (
			);
			inputFileListPaths = (
			);
			inputPaths = (
				"${PODS_PODFILE_DIR_PATH}/Podfile.lock",
				"${PODS_ROOT}/Manifest.lock",
			);
			name = "[CP] Check Pods Manifest.lock";
			outputFileListPaths = (
			);
			outputPaths = (
				"$(DERIVED_FILE_DIR)/Pods-UBeer-checkManifestLockResult.txt",
			);
			runOnlyForDeploymentPostprocessing = 0;
			shellPath = /bin/sh;
			shellScript = "diff \"${PODS_PODFILE_DIR_PATH}/Podfile.lock\" \"${PODS_ROOT}/Manifest.lock\" > /dev/null\nif [ $? != 0 ] ; then\n    # print error to STDERR\n    echo \"error: The sandbox is not in sync with the Podfile.lock. Run 'pod install' or update your CocoaPods installation.\" >&2\n    exit 1\nfi\n# This output is used by Xcode 'outputs' to avoid re-running this script phase.\necho \"SUCCESS\" > \"${SCRIPT_OUTPUT_FILE_0}\"\n";
			showEnvVarsInLog = 0;
		};
/* End PBXShellScriptBuildPhase section */

/* Begin PBXSourcesBuildPhase section */
		BA8F4BD429ABF66C00C68B78 /* Sources */ = {
			isa = PBXSourcesBuildPhase;
			buildActionMask = 2147483647;
			files = (
				BAADCD6E29D6E9D9003B8821 /* TabBarController.swift in Sources */,
				BAADCD7F29D718EE003B8821 /* MapCoordinatorProtocol.swift in Sources */,
				BA8F4BDC29ABF66C00C68B78 /* AppDelegate.swift in Sources */,
				BAADCD8B29D83B52003B8821 /* SettingsVC.swift in Sources */,
				BAADCD6829D6E6AA003B8821 /* TabBarCoordinator.swift in Sources */,
				BA9DE80429CCE994001A266B /* ProfileVM.swift in Sources */,
				BA9DE7F329C5F4F9001A266B /* OnboardingRootCoordinatorProtocol.swift in Sources */,
				BA9DE7ED29C5F476001A266B /* OnboardingCoordinatorProtocol.swift in Sources */,
				BA6E060729AFDAC600549E60 /* RegisterVMProtocol.swift in Sources */,
				BA6E061029AFE1F400549E60 /* RegisterAuthorizationServiceProtocol.swift in Sources */,
				BA94BDFF29C380690001A07B /* UIButton+Extension.swift in Sources */,
				BA6E05D629ADED9800549E60 /* AppCoordinator.swift in Sources */,
				BAADCD9229D84243003B8821 /* SettingsVMProtocol.swift in Sources */,
				BAADCD8929D83B49003B8821 /* SettingsVM.swift in Sources */,
				BAADCD7829D6F98C003B8821 /* MapAssembler.swift in Sources */,
				BA1BBBE629B2A55500E8936C /* ForgotPasswordRootCoordinatorProtocol.swift in Sources */,
				BA6E05E829AE196400549E60 /* LoginVMProtocol.swift in Sources */,
				BA6E05DF29ADF20200549E60 /* LoginCoordinator.swift in Sources */,
				BA6E05EA29AE1CB000549E60 /* AuthorizationService.swift in Sources */,
				BA88241829D0299700E2EDBD /* OnboardingAdapterPageDelegate.swift in Sources */,
				BA9DE7F529C832BA001A266B /* OnboardingPageList.swift in Sources */,
				BA9DE7E629C5F3D8001A266B /* OnboardingVM.swift in Sources */,
				BA6E05E429ADF62C00549E60 /* LoginRootCoordinatorProtocol.swift in Sources */,
				BA6E060D29AFE1C900549E60 /* AuthorizationService+Register.swift in Sources */,
				BA1BBBE029B2A0FD00E8936C /* AuthorizationService+ForgotPassword.swift in Sources */,
				BAADCD9029D84209003B8821 /* SettingsRootCoordinatorProtocol.swift in Sources */,
				BA88241229CDC3C700E2EDBD /* ProfileCoordinatorProtocol.swift in Sources */,
				BAADCD8129D718FA003B8821 /* MapVMProtocol.swift in Sources */,
				BA32834029D9DB610051C994 /* SettingsAdapter.swift in Sources */,
				BA1BBBF129B88F8800E8936C /* UIFont+Extension.swift in Sources */,
				BA6E05DD29ADF1F900549E60 /* LoginVM.swift in Sources */,
				BAADCD7629D6F97F003B8821 /* MapCoordinator.swift in Sources */,
				BAADCD6C29D6E818003B8821 /* TabBarCoordinatorProtocol.swift in Sources */,
				BA6E05D929ADEE3300549E60 /* Coordinator.swift in Sources */,
				BA9DE7E829C5F3E2001A266B /* OnboardingCoordinator.swift in Sources */,
				BAD99EEE29DC38C800959B1B /* SettingsAuthorizationService.swift in Sources */,
				BA6E05F029AE279700549E60 /* AuthorizationService+Login.swift in Sources */,
				BAADCD7D29D6F9FC003B8821 /* MapRootCoordinatorProtocol.swift in Sources */,
				BAD99EF029DC467700959B1B /* SettingsAdapterActionDelegate.swift in Sources */,
				BA94BDF929C25BB40001A07B /* ForgotPasswordVMDelegate.swift in Sources */,
				BA1BBBEC29B3C9B600E8936C /* UILabel+Extension.swift in Sources */,
				BAD99EEC29DC38A600959B1B /* AuthorizationService+SignOut.swift in Sources */,
				BAADCD7A29D6F996003B8821 /* MapVM.swift in Sources */,
				BA1BBBF629B8DC5C00E8936C /* AlertControllerFactoryProtocol.swift in Sources */,
				BA1BBBEA29B3C05C00E8936C /* RegularTextField.swift in Sources */,
				BAADCD7429D6F975003B8821 /* MapVC.swift in Sources */,
				BA1BBBEF29B7D71E00E8936C /* RegularButton.swift in Sources */,
				BA32834229D9DBBF0051C994 /* SettingsAdapterProtocol.swift in Sources */,
				BAADCD8E29D83F81003B8821 /* SettingsCoordinatorProtocol.swift in Sources */,
				BA6E060529AFD92600549E60 /* RegisterAssembler.swift in Sources */,
				BA6E061229AFE35F00549E60 /* RegisterCoordinatorProtocol.swift in Sources */,
				BA6E05FF29AFD8AD00549E60 /* RegisterVC.swift in Sources */,
				BA1BBBFA29BE4BA000E8936C /* RegisterVMDelegate.swift in Sources */,
				BAADCD6A29D6E765003B8821 /* TabBarAssembler.swift in Sources */,
				BA6E061429AFE38200549E60 /* RegisterRootCoordinatorProtocol.swift in Sources */,
				BAA795C029B29812007BCD03 /* ForgotPasswordAssembler.swift in Sources */,
				BA8F4BDE29ABF66C00C68B78 /* SceneDelegate.swift in Sources */,
				BA6E060329AFD8C700549E60 /* RegisterCoordinator.swift in Sources */,
				BA32834429D9DDC30051C994 /* Sections.swift in Sources */,
				BA1BBBE229B2A14B00E8936C /* ForgotPasswordVMProtocol.swift in Sources */,
				BAA795BC29B29802007BCD03 /* ForgotPasswordVM.swift in Sources */,
				BA88241629D0291800E2EDBD /* OnboardingVMDelegate.swift in Sources */,
				BA6E05E129ADF20C00549E60 /* LoginAssembler.swift in Sources */,
				BAADCD6229D4538E003B8821 /* LoginVMDelegate.swift in Sources */,
				BA9DE7F829C872D8001A266B /* OnboardingAdapter.swift in Sources */,
				BAA795BA29B297FC007BCD03 /* ForgotPasswordVC.swift in Sources */,
				BA6E05EC29AE1D5600549E60 /* LoginAuthorizationProtocol.swift in Sources */,
				BA6E060129AFD8BC00549E60 /* RegisterVM.swift in Sources */,
				BAA795BE29B2980B007BCD03 /* ForgotPasswordCoordinator.swift in Sources */,
				BA6E05DB29ADF1EF00549E60 /* LoginVC.swift in Sources */,
				BAADCD8729D83B3F003B8821 /* SettingsAssembler.swift in Sources */,
				BA1BBBF429B8DC4700E8936C /* AlertControllerFactory.swift in Sources */,
				BA89B80129CDBF9700CD7C76 /* ProfileRootCoordinatorProtocol.swift in Sources */,
				BA9DE7FB29C8731B001A266B /* OnboardingAdapterProtocol.swift in Sources */,
				BA88241029CDC36F00E2EDBD /* ProfileVMProtocol.swift in Sources */,
				BAADCD7029D6EAEB003B8821 /* TabBarRootCoordinatorProtocol.swift in Sources */,
				BA9DE7E429C5F3D0001A266B /* OnboardingPageVC.swift in Sources */,
				BA1BBBE429B2A23500E8936C /* ForgotPasswordCoordinatorProtocol.swift in Sources */,
				BA9DE80229CCE982001A266B /* ProfileCoordinator.swift in Sources */,
				BA6E05EE29AE1E2F00549E60 /* LoginCoordinatorProtocol.swift in Sources */,
				BA1BBBDE29B2A0B800E8936C /* ForgotPasswordAuthorizationServiceProtocol.swift in Sources */,
				BAADCD8529D83B37003B8821 /* SettingsCoordinator.swift in Sources */,
				BA9DE7F129C5F4CD001A266B /* OnboardingVMProtocol.swift in Sources */,
				BA32834929DA00940051C994 /* SettingsItem.swift in Sources */,
				BA9DE80029CCE96C001A266B /* ProfileVC.swift in Sources */,
				BA9DE80629CCE9A7001A266B /* ProfileAssembler.swift in Sources */,
				BA32834729D9DF1F0051C994 /* SettingsTableViewCell.swift in Sources */,
				BAADCD6429D630DE003B8821 /* Pages.swift in Sources */,
				BA6E05F329AF3BC000549E60 /* UIColor+Extension.swift in Sources */,
				BA9DE7EA29C5F3F2001A266B /* OnboardingAssembler.swift in Sources */,
			);
			runOnlyForDeploymentPostprocessing = 0;
		};
/* End PBXSourcesBuildPhase section */

/* Begin PBXVariantGroup section */
		BA8F4BE629ABF67300C68B78 /* LaunchScreen.storyboard */ = {
			isa = PBXVariantGroup;
			children = (
				BA8F4BE729ABF67300C68B78 /* Base */,
			);
			name = LaunchScreen.storyboard;
			sourceTree = "<group>";
		};
/* End PBXVariantGroup section */

/* Begin XCBuildConfiguration section */
		BA8F4BEA29ABF67300C68B78 /* Debug */ = {
			isa = XCBuildConfiguration;
			buildSettings = {
				ALWAYS_SEARCH_USER_PATHS = NO;
				CLANG_ANALYZER_NONNULL = YES;
				CLANG_ANALYZER_NUMBER_OBJECT_CONVERSION = YES_AGGRESSIVE;
				CLANG_CXX_LANGUAGE_STANDARD = "gnu++20";
				CLANG_ENABLE_MODULES = YES;
				CLANG_ENABLE_OBJC_ARC = YES;
				CLANG_ENABLE_OBJC_WEAK = YES;
				CLANG_WARN_BLOCK_CAPTURE_AUTORELEASING = YES;
				CLANG_WARN_BOOL_CONVERSION = YES;
				CLANG_WARN_COMMA = YES;
				CLANG_WARN_CONSTANT_CONVERSION = YES;
				CLANG_WARN_DEPRECATED_OBJC_IMPLEMENTATIONS = YES;
				CLANG_WARN_DIRECT_OBJC_ISA_USAGE = YES_ERROR;
				CLANG_WARN_DOCUMENTATION_COMMENTS = YES;
				CLANG_WARN_EMPTY_BODY = YES;
				CLANG_WARN_ENUM_CONVERSION = YES;
				CLANG_WARN_INFINITE_RECURSION = YES;
				CLANG_WARN_INT_CONVERSION = YES;
				CLANG_WARN_NON_LITERAL_NULL_CONVERSION = YES;
				CLANG_WARN_OBJC_IMPLICIT_RETAIN_SELF = YES;
				CLANG_WARN_OBJC_LITERAL_CONVERSION = YES;
				CLANG_WARN_OBJC_ROOT_CLASS = YES_ERROR;
				CLANG_WARN_QUOTED_INCLUDE_IN_FRAMEWORK_HEADER = YES;
				CLANG_WARN_RANGE_LOOP_ANALYSIS = YES;
				CLANG_WARN_STRICT_PROTOTYPES = YES;
				CLANG_WARN_SUSPICIOUS_MOVE = YES;
				CLANG_WARN_UNGUARDED_AVAILABILITY = YES_AGGRESSIVE;
				CLANG_WARN_UNREACHABLE_CODE = YES;
				CLANG_WARN__DUPLICATE_METHOD_MATCH = YES;
				COPY_PHASE_STRIP = NO;
				DEBUG_INFORMATION_FORMAT = dwarf;
				ENABLE_STRICT_OBJC_MSGSEND = YES;
				ENABLE_TESTABILITY = YES;
				GCC_C_LANGUAGE_STANDARD = gnu11;
				GCC_DYNAMIC_NO_PIC = NO;
				GCC_NO_COMMON_BLOCKS = YES;
				GCC_OPTIMIZATION_LEVEL = 0;
				GCC_PREPROCESSOR_DEFINITIONS = (
					"DEBUG=1",
					"$(inherited)",
				);
				GCC_WARN_64_TO_32_BIT_CONVERSION = YES;
				GCC_WARN_ABOUT_RETURN_TYPE = YES_ERROR;
				GCC_WARN_UNDECLARED_SELECTOR = YES;
				GCC_WARN_UNINITIALIZED_AUTOS = YES_AGGRESSIVE;
				GCC_WARN_UNUSED_FUNCTION = YES;
				GCC_WARN_UNUSED_VARIABLE = YES;
				IPHONEOS_DEPLOYMENT_TARGET = 16.2;
				MTL_ENABLE_DEBUG_INFO = INCLUDE_SOURCE;
				MTL_FAST_MATH = YES;
				ONLY_ACTIVE_ARCH = YES;
				SDKROOT = iphoneos;
				SWIFT_ACTIVE_COMPILATION_CONDITIONS = DEBUG;
				SWIFT_OPTIMIZATION_LEVEL = "-Onone";
			};
			name = Debug;
		};
		BA8F4BEB29ABF67300C68B78 /* Release */ = {
			isa = XCBuildConfiguration;
			buildSettings = {
				ALWAYS_SEARCH_USER_PATHS = NO;
				CLANG_ANALYZER_NONNULL = YES;
				CLANG_ANALYZER_NUMBER_OBJECT_CONVERSION = YES_AGGRESSIVE;
				CLANG_CXX_LANGUAGE_STANDARD = "gnu++20";
				CLANG_ENABLE_MODULES = YES;
				CLANG_ENABLE_OBJC_ARC = YES;
				CLANG_ENABLE_OBJC_WEAK = YES;
				CLANG_WARN_BLOCK_CAPTURE_AUTORELEASING = YES;
				CLANG_WARN_BOOL_CONVERSION = YES;
				CLANG_WARN_COMMA = YES;
				CLANG_WARN_CONSTANT_CONVERSION = YES;
				CLANG_WARN_DEPRECATED_OBJC_IMPLEMENTATIONS = YES;
				CLANG_WARN_DIRECT_OBJC_ISA_USAGE = YES_ERROR;
				CLANG_WARN_DOCUMENTATION_COMMENTS = YES;
				CLANG_WARN_EMPTY_BODY = YES;
				CLANG_WARN_ENUM_CONVERSION = YES;
				CLANG_WARN_INFINITE_RECURSION = YES;
				CLANG_WARN_INT_CONVERSION = YES;
				CLANG_WARN_NON_LITERAL_NULL_CONVERSION = YES;
				CLANG_WARN_OBJC_IMPLICIT_RETAIN_SELF = YES;
				CLANG_WARN_OBJC_LITERAL_CONVERSION = YES;
				CLANG_WARN_OBJC_ROOT_CLASS = YES_ERROR;
				CLANG_WARN_QUOTED_INCLUDE_IN_FRAMEWORK_HEADER = YES;
				CLANG_WARN_RANGE_LOOP_ANALYSIS = YES;
				CLANG_WARN_STRICT_PROTOTYPES = YES;
				CLANG_WARN_SUSPICIOUS_MOVE = YES;
				CLANG_WARN_UNGUARDED_AVAILABILITY = YES_AGGRESSIVE;
				CLANG_WARN_UNREACHABLE_CODE = YES;
				CLANG_WARN__DUPLICATE_METHOD_MATCH = YES;
				COPY_PHASE_STRIP = NO;
				DEBUG_INFORMATION_FORMAT = "dwarf-with-dsym";
				ENABLE_NS_ASSERTIONS = NO;
				ENABLE_STRICT_OBJC_MSGSEND = YES;
				GCC_C_LANGUAGE_STANDARD = gnu11;
				GCC_NO_COMMON_BLOCKS = YES;
				GCC_WARN_64_TO_32_BIT_CONVERSION = YES;
				GCC_WARN_ABOUT_RETURN_TYPE = YES_ERROR;
				GCC_WARN_UNDECLARED_SELECTOR = YES;
				GCC_WARN_UNINITIALIZED_AUTOS = YES_AGGRESSIVE;
				GCC_WARN_UNUSED_FUNCTION = YES;
				GCC_WARN_UNUSED_VARIABLE = YES;
				IPHONEOS_DEPLOYMENT_TARGET = 16.2;
				MTL_ENABLE_DEBUG_INFO = NO;
				MTL_FAST_MATH = YES;
				SDKROOT = iphoneos;
				SWIFT_COMPILATION_MODE = wholemodule;
				SWIFT_OPTIMIZATION_LEVEL = "-O";
				VALIDATE_PRODUCT = YES;
			};
			name = Release;
		};
		BA8F4BED29ABF67300C68B78 /* Debug */ = {
			isa = XCBuildConfiguration;
			baseConfigurationReference = 2F92BF9D6199D02B3B07F4CF /* Pods-UBeer.debug.xcconfig */;
			buildSettings = {
				ASSETCATALOG_COMPILER_APPICON_NAME = AppIcon;
				ASSETCATALOG_COMPILER_GLOBAL_ACCENT_COLOR_NAME = AccentColor;
				CODE_SIGN_STYLE = Automatic;
				CURRENT_PROJECT_VERSION = 1;
				DEVELOPMENT_TEAM = 7K2V3SXGB3;
				GENERATE_INFOPLIST_FILE = YES;
				INFOPLIST_FILE = UBeer/Resources/Info.plist;
				INFOPLIST_KEY_UIApplicationSupportsIndirectInputEvents = YES;
				INFOPLIST_KEY_UILaunchStoryboardName = LaunchScreen;
				INFOPLIST_KEY_UISupportedInterfaceOrientations_iPad = "UIInterfaceOrientationPortrait UIInterfaceOrientationPortraitUpsideDown UIInterfaceOrientationLandscapeLeft UIInterfaceOrientationLandscapeRight";
				INFOPLIST_KEY_UISupportedInterfaceOrientations_iPhone = "UIInterfaceOrientationPortrait UIInterfaceOrientationLandscapeLeft UIInterfaceOrientationLandscapeRight";
				IPHONEOS_DEPLOYMENT_TARGET = 15.5;
				LD_RUNPATH_SEARCH_PATHS = (
					"$(inherited)",
					"@executable_path/Frameworks",
				);
				MARKETING_VERSION = 1.0;
				PRODUCT_BUNDLE_IDENTIFIER = Project.UBeer;
				PRODUCT_NAME = "$(TARGET_NAME)";
				SWIFT_EMIT_LOC_STRINGS = YES;
				SWIFT_VERSION = 5.0;
				TARGETED_DEVICE_FAMILY = "1,2";
			};
			name = Debug;
		};
		BA8F4BEE29ABF67300C68B78 /* Release */ = {
			isa = XCBuildConfiguration;
			baseConfigurationReference = D4946B0234161AD833F215E1 /* Pods-UBeer.release.xcconfig */;
			buildSettings = {
				ASSETCATALOG_COMPILER_APPICON_NAME = AppIcon;
				ASSETCATALOG_COMPILER_GLOBAL_ACCENT_COLOR_NAME = AccentColor;
				CODE_SIGN_STYLE = Automatic;
				CURRENT_PROJECT_VERSION = 1;
				DEVELOPMENT_TEAM = 7K2V3SXGB3;
				GENERATE_INFOPLIST_FILE = YES;
				INFOPLIST_FILE = UBeer/Resources/Info.plist;
				INFOPLIST_KEY_UIApplicationSupportsIndirectInputEvents = YES;
				INFOPLIST_KEY_UILaunchStoryboardName = LaunchScreen;
				INFOPLIST_KEY_UISupportedInterfaceOrientations_iPad = "UIInterfaceOrientationPortrait UIInterfaceOrientationPortraitUpsideDown UIInterfaceOrientationLandscapeLeft UIInterfaceOrientationLandscapeRight";
				INFOPLIST_KEY_UISupportedInterfaceOrientations_iPhone = "UIInterfaceOrientationPortrait UIInterfaceOrientationLandscapeLeft UIInterfaceOrientationLandscapeRight";
				IPHONEOS_DEPLOYMENT_TARGET = 15.5;
				LD_RUNPATH_SEARCH_PATHS = (
					"$(inherited)",
					"@executable_path/Frameworks",
				);
				MARKETING_VERSION = 1.0;
				PRODUCT_BUNDLE_IDENTIFIER = Project.UBeer;
				PRODUCT_NAME = "$(TARGET_NAME)";
				SWIFT_EMIT_LOC_STRINGS = YES;
				SWIFT_VERSION = 5.0;
				TARGETED_DEVICE_FAMILY = "1,2";
			};
			name = Release;
		};
/* End XCBuildConfiguration section */

/* Begin XCConfigurationList section */
		BA8F4BD329ABF66C00C68B78 /* Build configuration list for PBXProject "UBeer" */ = {
			isa = XCConfigurationList;
			buildConfigurations = (
				BA8F4BEA29ABF67300C68B78 /* Debug */,
				BA8F4BEB29ABF67300C68B78 /* Release */,
			);
			defaultConfigurationIsVisible = 0;
			defaultConfigurationName = Release;
		};
		BA8F4BEC29ABF67300C68B78 /* Build configuration list for PBXNativeTarget "UBeer" */ = {
			isa = XCConfigurationList;
			buildConfigurations = (
				BA8F4BED29ABF67300C68B78 /* Debug */,
				BA8F4BEE29ABF67300C68B78 /* Release */,
			);
			defaultConfigurationIsVisible = 0;
			defaultConfigurationName = Release;
		};
/* End XCConfigurationList section */
	};
	rootObject = BA8F4BD029ABF66C00C68B78 /* Project object */;
}
